# This file is automatically @generated by Cargo.
# It is not intended for manual editing.
version = 3

[[package]]
name = "group_anagrams"
version = "0.1.0"

[[package]]
name = "longest_consecutive"
version = "0.1.0"

[[package]]
name = "max_area"
version = "0.1.0"

[[package]]
name = "move_zeroes"
version = "0.1.0"

[[package]]
name = "number_sum"
version = "0.1.0"
